
Microsoft Visual Studio Solution File, Format Version 12.00
# Visual Studio 14
VisualStudioVersion = 14.0.22823.1
MinimumVisualStudioVersion = 10.0.40219.1
Project("{FAE04EC0-301F-11D3-BF4B-00C04F79EFBC}") = "client", "client\client.csproj", "{6A0FEAB2-1924-412C-BF01-7753C8CEB83D}"
EndProject
Project("{FAE04EC0-301F-11D3-BF4B-00C04F79EFBC}") = "domain", "domain\domain.csproj", "{BACA3A60-512B-40FD-86E5-F9A02BFF1A07}"
EndProject
Project("{FAE04EC0-301F-11D3-BF4B-00C04F79EFBC}") = "maps", "maps\maps.csproj", "{FE21BFFF-9E68-4C5D-B606-AACFC44B8F0A}"
EndProject
Project("{FAE04EC0-301F-11D3-BF4B-00C04F79EFBC}") = "infrastructure", "infrastructure\infrastructure.csproj", "{C055F6E6-5598-44C9-991A-0BA298327A2C}"
EndProject
Global
	GlobalSection(SolutionConfigurationPlatforms) = preSolution
		Debug|Any CPU = Debug|Any CPU
		Release|Any CPU = Release|Any CPU
	EndGlobalSection
	GlobalSection(ProjectConfigurationPlatforms) = postSolution
		{6A0FEAB2-1924-412C-BF01-7753C8CEB83D}.Debug|Any CPU.ActiveCfg = Debug|Any CPU
		{6A0FEAB2-1924-412C-BF01-7753C8CEB83D}.Debug|Any CPU.Build.0 = Debug|Any CPU
		{6A0FEAB2-1924-412C-BF01-7753C8CEB83D}.Release|Any CPU.ActiveCfg = Release|Any CPU
		{6A0FEAB2-1924-412C-BF01-7753C8CEB83D}.Release|Any CPU.Build.0 = Release|Any CPU
		{BACA3A60-512B-40FD-86E5-F9A02BFF1A07}.Debug|Any CPU.ActiveCfg = Debug|Any CPU
		{BACA3A60-512B-40FD-86E5-F9A02BFF1A07}.Debug|Any CPU.Build.0 = Debug|Any CPU
		{BACA3A60-512B-40FD-86E5-F9A02BFF1A07}.Release|Any CPU.ActiveCfg = Release|Any CPU
		{BACA3A60-512B-40FD-86E5-F9A02BFF1A07}.Release|Any CPU.Build.0 = Release|Any CPU
		{FE21BFFF-9E68-4C5D-B606-AACFC44B8F0A}.Debug|Any CPU.ActiveCfg = Debug|Any CPU
		{FE21BFFF-9E68-4C5D-B606-AACFC44B8F0A}.Debug|Any CPU.Build.0 = Debug|Any CPU
		{FE21BFFF-9E68-4C5D-B606-AACFC44B8F0A}.Release|Any CPU.ActiveCfg = Release|Any CPU
		{FE21BFFF-9E68-4C5D-B606-AACFC44B8F0A}.Release|Any CPU.Build.0 = Release|Any CPU
		{C055F6E6-5598-44C9-991A-0BA298327A2C}.Debug|Any CPU.ActiveCfg = Debug|Any CPU
		{C055F6E6-5598-44C9-991A-0BA298327A2C}.Debug|Any CPU.Build.0 = Debug|Any CPU
		{C055F6E6-5598-44C9-991A-0BA298327A2C}.Release|Any CPU.ActiveCfg = Release|Any CPU
		{C055F6E6-5598-44C9-991A-0BA298327A2C}.Release|Any CPU.Build.0 = Release|Any CPU
	EndGlobalSection
	GlobalSection(SolutionProperties) = preSolution
		HideSolutionNode = FALSE
	EndGlobalSection
EndGlobal
